// !$*UTF8*$!
{
	archiveVersion = 1;
	classes = {
	};
	objectVersion = 56;
	objects = {

/* Begin PBXBuildFile section */
		4C1A2B3C2C18A5D400F2E1A1 /* SalaryCalcApp.swift in Sources */ = {isa = PBXBuildFile; fileRef = 4C1A2B3B2C18A5D400F2E1A1 /* SalaryCalcApp.swift */; };
		4C1A2B3E2C18A5D400F2E1A1 /* SalaryCalculatorView.swift in Sources */ = {isa = PBXBuildFile; fileRef = 4C1A2B3D2C18A5D400F2E1A1 /* SalaryCalculatorView.swift */; };
		4C1A2B402C18A5D500F2E1A1 /* Assets.xcassets in Resources */ = {isa = PBXBuildFile; fileRef = 4C1A2B3F2C18A5D500F2E1A1 /* Assets.xcassets */; };
		4C1A2B432C18A5D500F2E1A1 /* Preview Assets.xcassets in Resources */ = {isa = PBXBuildFile; fileRef = 4C1A2B422C18A5D500F2E1A1 /* Preview Assets.xcassets */; };
		4C1A2B4D2C18A5D500F2E1A1 /* SalaryCalcTests.swift in Sources */ = {isa = PBXBuildFile; fileRef = 4C1A2B4C2C18A5D500F2E1A1 /* SalaryCalcTests.swift */; };
		4C1A2B572C18A5D500F2E1A1 /* SalaryCalcUITests.swift in Sources */ = {isa = PBXBuildFile; fileRef = 4C1A2B562C18A5D500F2E1A1 /* SalaryCalcUITests.swift */; };
		4C1A2B592C18A5D500F2E1A1 /* SalaryCalcUITestsLaunchTests.swift in Sources */ = {isa = PBXBuildFile; fileRef = 4C1A2B582C18A5D500F2E1A1 /* SalaryCalcUITestsLaunchTests.swift */; };
		4C1A2B672C18A5E400F2E1A1 /* SalaryCalculationEngine.swift in Sources */ = {isa = PBXBuildFile; fileRef = 4C1A2B662C18A5E400F2E1A1 /* SalaryCalculationEngine.swift */; };
		4C1A2B692C18A5E400F2E1A1 /* SalaryModels.swift in Sources */ = {isa = PBXBuildFile; fileRef = 4C1A2B682C18A5E400F2E1A1 /* SalaryModels.swift */; };
		4C1A2B6B2C18A5E400F2E1A1 /* SalaryCalculatorViewModel.swift in Sources */ = {isa = PBXBuildFile; fileRef = 4C1A2B6A2C18A5E400F2E1A1 /* SalaryCalculatorViewModel.swift */; };
		4C1A2B6D2C18A5E400F2E1A1 /* SalaryCalculationRepository.swift in Sources */ = {isa = PBXBuildFile; fileRef = 4C1A2B6C2C18A5E400F2E1A1 /* SalaryCalculationRepository.swift */; };
/* End PBXBuildFile section */

/* Begin PBXContainerItemProxy section */
		4C1A2B492C18A5D500F2E1A1 /* PBXContainerItemProxy */ = {
			isa = PBXContainerItemProxy;
			containerPortal = 4C1A2B2E2C18A5D400F2E1A1 /* Project object */;
			proxyType = 1;
			remoteGlobalIDString = 4C1A2B352C18A5D400F2E1A1;
			remoteInfo = SalaryCalc;
		};
		4C1A2B532C18A5D500F2E1A1 /* PBXContainerItemProxy */ = {
			isa = PBXContainerItemProxy;
			containerPortal = 4C1A2B2E2C18A5D400F2E1A1 /* Project object */;
			proxyType = 1;
			remoteGlobalIDString = 4C1A2B352C18A5D400F2E1A1;
			remoteInfo = SalaryCalc;
		};
/* End PBXContainerItemProxy section */

/* Begin PBXFileReference section */
		4C1A2B362C18A5D400F2E1A1 /* SalaryPro.app */ = {isa = PBXFileReference; explicitFileType = wrapper.application; includeInIndex = 0; path = SalaryPro.app; sourceTree = BUILT_PRODUCTS_DIR; };
		4C1A2B3B2C18A5D400F2E1A1 /* SalaryCalcApp.swift */ = {isa = PBXFileReference; lastKnownFileType = sourcecode.swift; path = SalaryCalcApp.swift; sourceTree = "<group>"; };
		4C1A2B3D2C18A5D400F2E1A1 /* SalaryCalculatorView.swift */ = {isa = PBXFileReference; lastKnownFileType = sourcecode.swift; path = SalaryCalculatorView.swift; sourceTree = "<group>"; };
		4C1A2B3F2C18A5D500F2E1A1 /* Assets.xcassets */ = {isa = PBXFileReference; lastKnownFileType = folder.assetcatalog; path = Assets.xcassets; sourceTree = "<group>"; };
		4C1A2B422C18A5D500F2E1A1 /* Preview Assets.xcassets */ = {isa = PBXFileReference; lastKnownFileType = folder.assetcatalog; path = "Preview Assets.xcassets"; sourceTree = "<group>"; };
		4C1A2B482C18A5D500F2E1A1 /* SalaryCalcTests.xctest */ = {isa = PBXFileReference; explicitFileType = wrapper.cfbundle; includeInIndex = 0; path = SalaryCalcTests.xctest; sourceTree = BUILT_PRODUCTS_DIR; };
		4C1A2B4C2C18A5D500F2E1A1 /* SalaryCalcTests.swift */ = {isa = PBXFileReference; lastKnownFileType = sourcecode.swift; path = SalaryCalcTests.swift; sourceTree = "<group>"; };
		4C1A2B522C18A5D500F2E1A1 /* SalaryCalcUITests.xctest */ = {isa = PBXFileReference; explicitFileType = wrapper.cfbundle; includeInIndex = 0; path = SalaryCalcUITests.xctest; sourceTree = BUILT_PRODUCTS_DIR; };
		4C1A2B562C18A5D500F2E1A1 /* SalaryCalcUITests.swift */ = {isa = PBXFileReference; lastKnownFileType = sourcecode.swift; path = SalaryCalcUITests.swift; sourceTree = "<group>"; };
		4C1A2B582C18A5D500F2E1A1 /* SalaryCalcUITestsLaunchTests.swift */ = {isa = PBXFileReference; lastKnownFileType = sourcecode.swift; path = SalaryCalcUITestsLaunchTests.swift; sourceTree = "<group>"; };
		4C1A2B652C18A5E400F2E1A1 /* Info.plist */ = {isa = PBXFileReference; lastKnownFileType = text.plist.xml; path = Info.plist; sourceTree = "<group>"; };
		4C1A2B662C18A5E400F2E1A1 /* SalaryCalculationEngine.swift */ = {isa = PBXFileReference; lastKnownFileType = sourcecode.swift; path = SalaryCalculationEngine.swift; sourceTree = "<group>"; };
		4C1A2B682C18A5E400F2E1A1 /* SalaryModels.swift */ = {isa = PBXFileReference; lastKnownFileType = sourcecode.swift; path = SalaryModels.swift; sourceTree = "<group>"; };
		4C1A2B6A2C18A5E400F2E1A1 /* SalaryCalculatorViewModel.swift */ = {isa = PBXFileReference; lastKnownFileType = sourcecode.swift; path = SalaryCalculatorViewModel.swift; sourceTree = "<group>"; };
		4C1A2B6C2C18A5E400F2E1A1 /* SalaryCalculationRepository.swift */ = {isa = PBXFileReference; lastKnownFileType = sourcecode.swift; path = SalaryCalculationRepository.swift; sourceTree = "<group>"; };
/* End PBXFileReference section */

/* Begin PBXFrameworksBuildPhase section */
		4C1A2B332C18A5D400F2E1A1 /* Frameworks */ = {
			isa = PBXFrameworksBuildPhase;
			buildActionMask = 2147483647;
			files = (
			);
			runOnlyForDeploymentPostprocessing = 0;
		};
		4C1A2B452C18A5D500F2E1A1 /* Frameworks */ = {
			isa = PBXFrameworksBuildPhase;
			buildActionMask = 2147483647;
			files = (
			);
			runOnlyForDeploymentPostprocessing = 0;
		};
		4C1A2B4F2C18A5D500F2E1A1 /* Frameworks */ = {
			isa = PBXFrameworksBuildPhase;
			buildActionMask = 2147483647;
			files = (
			);
			runOnlyForDeploymentPostprocessing = 0;
		};
/* End PBXFrameworksBuildPhase section */

/* Begin PBXGroup section */
		4C1A2B2D2C18A5D400F2E1A1 = {
			isa = PBXGroup;
			children = (
				4C1A2B382C18A5D400F2E1A1 /* SalaryCalc */,
				4C1A2B4B2C18A5D500F2E1A1 /* SalaryCalcTests */,
				4C1A2B552C18A5D500F2E1A1 /* SalaryCalcUITests */,
				4C1A2B372C18A5D400F2E1A1 /* Products */,
			);
			sourceTree = "<group>";
		};
		4C1A2B372C18A5D400F2E1A1 /* Products */ = {
			isa = PBXGroup;
			children = (
				4C1A2B362C18A5D400F2E1A1 /* SalaryPro.app */,
				4C1A2B482C18A5D500F2E1A1 /* SalaryCalcTests.xctest */,
				4C1A2B522C18A5D500F2E1A1 /* SalaryCalcUITests.xctest */,
			);
			name = Products;
			sourceTree = "<group>";
		};
		4C1A2B382C18A5D400F2E1A1 /* SalaryCalc */ = {
			isa = PBXGroup;
			children = (
				4C1A2B3B2C18A5D400F2E1A1 /* SalaryCalcApp.swift */,
				4C1A2B3D2C18A5D400F2E1A1 /* SalaryCalculatorView.swift */,
				4C1A2B6A2C18A5E400F2E1A1 /* SalaryCalculatorViewModel.swift */,
				4C1A2B682C18A5E400F2E1A1 /* SalaryModels.swift */,
				4C1A2B6C2C18A5E400F2E1A1 /* SalaryCalculationRepository.swift */,
				4C1A2B662C18A5E400F2E1A1 /* SalaryCalculationEngine.swift */,
				4C1A2B3F2C18A5D500F2E1A1 /* Assets.xcassets */,
				4C1A2B652C18A5E400F2E1A1 /* Info.plist */,
				4C1A2B412C18A5D500F2E1A1 /* Preview Content */,
			);
			path = SalaryCalc;
			sourceTree = "<group>";
		};
		4C1A2B412C18A5D500F2E1A1 /* Preview Content */ = {
			isa = PBXGroup;
			children = (
				4C1A2B422C18A5D500F2E1A1 /* Preview Assets.xcassets */,
			);
			path = "Preview Content";
			sourceTree = "<group>";
		};
		4C1A2B4B2C18A5D500F2E1A1 /* SalaryCalcTests */ = {
			isa = PBXGroup;
			children = (
				4C1A2B4C2C18A5D500F2E1A1 /* SalaryCalcTests.swift */,
			);
			path = SalaryCalcTests;
			sourceTree = "<group>";
		};
		4C1A2B552C18A5D500F2E1A1 /* SalaryCalcUITests */ = {
			isa = PBXGroup;
			children = (
				4C1A2B562C18A5D500F2E1A1 /* SalaryCalcUITests.swift */,
				4C1A2B582C18A5D500F2E1A1 /* SalaryCalcUITestsLaunchTests.swift */,
			);
			path = SalaryCalcUITests;
			sourceTree = "<group>";
		};
/* End PBXGroup section */

/* Begin PBXNativeTarget section */
		4C1A2B352C18A5D400F2E1A1 /* SalaryCalc */ = {
			isa = PBXNativeTarget;
			buildConfigurationList = 4C1A2B5C2C18A5D500F2E1A1 /* Build configuration list for PBXNativeTarget "SalaryCalc" */;
			buildPhases = (
				4C1A2B322C18A5D400F2E1A1 /* Sources */,
				4C1A2B332C18A5D400F2E1A1 /* Frameworks */,
				4C1A2B342C18A5D400F2E1A1 /* Resources */,
			);
			buildRules = (
			);
			dependencies = (
			);
			name = SalaryCalc;
			productName = SalaryCalc;
			productReference = 4C1A2B362C18A5D400F2E1A1 /* SalaryPro.app */;
			productType = "com.apple.product-type.application";
		};
		4C1A2B472C18A5D500F2E1A1 /* SalaryCalcTests */ = {
			isa = PBXNativeTarget;
			buildConfigurationList = 4C1A2B5F2C18A5D500F2E1A1 /* Build configuration list for PBXNativeTarget "SalaryCalcTests" */;
			buildPhases = (
				4C1A2B442C18A5D500F2E1A1 /* Sources */,
				4C1A2B452C18A5D500F2E1A1 /* Frameworks */,
				4C1A2B462C18A5D500F2E1A1 /* Resources */,
			);
			buildRules = (
			);
			dependencies = (
				4C1A2B4A2C18A5D500F2E1A1 /* PBXTargetDependency */,
			);
			name = SalaryCalcTests;
			productName = SalaryCalcTests;
			productReference = 4C1A2B482C18A5D500F2E1A1 /* SalaryCalcTests.xctest */;
			productType = "com.apple.product-type.bundle.unit-test";
		};
		4C1A2B512C18A5D500F2E1A1 /* SalaryCalcUITests */ = {
			isa = PBXNativeTarget;
			buildConfigurationList = 4C1A2B622C18A5D500F2E1A1 /* Build configuration list for PBXNativeTarget "SalaryCalcUITests" */;
			buildPhases = (
				4C1A2B4E2C18A5D500F2E1A1 /* Sources */,
				4C1A2B4F2C18A5D500F2E1A1 /* Frameworks */,
				4C1A2B502C18A5D500F2E1A1 /* Resources */,
			);
			buildRules = (
			);
			dependencies = (
				4C1A2B542C18A5D500F2E1A1 /* PBXTargetDependency */,
			);
			name = SalaryCalcUITests;
			productName = SalaryCalcUITests;
			productReference = 4C1A2B522C18A5D500F2E1A1 /* SalaryCalcUITests.xctest */;
			productType = "com.apple.product-type.bundle.ui-testing";
		};
/* End PBXNativeTarget section */

/* Begin PBXProject section */
		4C1A2B2E2C18A5D400F2E1A1 /* Project object */ = {
			isa = PBXProject;
			attributes = {
				BuildIndependentTargetsInParallel = 1;
				LastSwiftUpdateCheck = 1540;
				LastUpgradeCheck = 2650;
				ORGANIZATIONNAME = BrewerAsia;
				TargetAttributes = {
					4C1A2B352C18A5D400F2E1A1 = {
						CreatedOnToolsVersion = 15.4;
					};
					4C1A2B472C18A5D500F2E1A1 = {
						CreatedOnToolsVersion = 15.4;
						TestTargetID = 4C1A2B352C18A5D400F2E1A1;
					};
					4C1A2B512C18A5D500F2E1A1 = {
						CreatedOnToolsVersion = 15.4;
						TestTargetID = 4C1A2B352C18A5D400F2E1A1;
					};
				};
			};
			buildConfigurationList = 4C1A2B312C18A5D400F2E1A1 /* Build configuration list for PBXProject "SalaryCalc" */;
			compatibilityVersion = "Xcode 14.0";
			developmentRegion = en;
			hasScannedForEncodings = 0;
			knownRegions = (
				en,
				Base,
			);
			mainGroup = 4C1A2B2D2C18A5D400F2E1A1;
			productRefGroup = 4C1A2B372C18A5D400F2E1A1 /* Products */;
			projectDirPath = "";
			projectRoot = "";
			targets = (
				4C1A2B352C18A5D400F2E1A1 /* SalaryCalc */,
				4C1A2B472C18A5D500F2E1A1 /* SalaryCalcTests */,
				4C1A2B512C18A5D500F2E1A1 /* SalaryCalcUITests */,
			);
		};
/* End PBXProject section */

/* Begin PBXResourcesBuildPhase section */
		4C1A2B342C18A5D400F2E1A1 /* Resources */ = {
			isa = PBXResourcesBuildPhase;
			buildActionMask = 2147483647;
			files = (
				4C1A2B432C18A5D500F2E1A1 /* Preview Assets.xcassets in Resources */,
				4C1A2B402C18A5D500F2E1A1 /* Assets.xcassets in Resources */,
			);
			runOnlyForDeploymentPostprocessing = 0;
		};
		4C1A2B462C18A5D500F2E1A1 /* Resources */ = {
			isa = PBXResourcesBuildPhase;
			buildActionMask = 2147483647;
			files = (
			);
			runOnlyForDeploymentPostprocessing = 0;
		};
		4C1A2B502C18A5D500F2E1A1 /* Resources */ = {
			isa = PBXResourcesBuildPhase;
			buildActionMask = 2147483647;
			files = (
			);
			runOnlyForDeploymentPostprocessing = 0;
		};
/* End PBXResourcesBuildPhase section */

/* Begin PBXSourcesBuildPhase section */
		4C1A2B322C18A5D400F2E1A1 /* Sources */ = {
			isa = PBXSourcesBuildPhase;
			buildActionMask = 2147483647;
			files = (
				4C1A2B3E2C18A5D400F2E1A1 /* SalaryCalculatorView.swift in Sources */,
				4C1A2B3C2C18A5D400F2E1A1 /* SalaryCalcApp.swift in Sources */,
				4C1A2B672C18A5E400F2E1A1 /* SalaryCalculationEngine.swift in Sources */,
				4C1A2B692C18A5E400F2E1A1 /* SalaryModels.swift in Sources */,
				4C1A2B6B2C18A5E400F2E1A1 /* SalaryCalculatorViewModel.swift in Sources */,
				4C1A2B6D2C18A5E400F2E1A1 /* SalaryCalculationRepository.swift in Sources */,
			);
			runOnlyForDeploymentPostprocessing = 0;
		};
		4C1A2B442C18A5D500F2E1A1 /* Sources */ = {
			isa = PBXSourcesBuildPhase;
			buildActionMask = 2147483647;
			files = (
				4C1A2B4D2C18A5D500F2E1A1 /* SalaryCalcTests.swift in Sources */,
			);
			runOnlyForDeploymentPostprocessing = 0;
		};
		4C1A2B4E2C18A5D500F2E1A1 /* Sources */ = {
			isa = PBXSourcesBuildPhase;
			buildActionMask = 2147483647;
			files = (
				4C1A2B592C18A5D500F2E1A1 /* SalaryCalcUITestsLaunchTests.swift in Sources */,
				4C1A2B572C18A5D500F2E1A1 /* SalaryCalcUITests.swift in Sources */,
			);
			runOnlyForDeploymentPostprocessing = 0;
		};
/* End PBXSourcesBuildPhase section */

/* Begin PBXTargetDependency section */
		4C1A2B4A2C18A5D500F2E1A1 /* PBXTargetDependency */ = {
			isa = PBXTargetDependency;
			target = 4C1A2B352C18A5D400F2E1A1 /* SalaryCalc */;
			targetProxy = 4C1A2B492C18A5D500F2E1A1 /* PBXContainerItemProxy */;
		};
		4C1A2B542C18A5D500F2E1A1 /* PBXTargetDependency */ = {
			isa = PBXTargetDependency;
			target = 4C1A2B352C18A5D400F2E1A1 /* SalaryCalc */;
			targetProxy = 4C1A2B532C18A5D500F2E1A1 /* PBXContainerItemProxy */;
		};
/* End PBXTargetDependency section */

/* Begin XCBuildConfiguration section */
		4C1A2B5D2C18A5D500F2E1A1 /* Debug */ = {
			isa = XCBuildConfiguration;
			buildSettings = {
				ALWAYS_SEARCH_USER_PATHS = NO;
				ASSETCATALOG_COMPILER_GENERATE_SWIFT_ASSET_SYMBOL_EXTENSIONS = YES;
				CLANG_ANALYZER_NONNULL = YES;
				CLANG_ANALYZER_NUMBER_OBJECT_CONVERSION = YES_AGGRESSIVE;
				CLANG_CXX_LANGUAGE_DIALECT = "c++20";
				CLANG_CXX_LIBRARY = "libc++";
				CLANG_ENABLE_MODULES = YES;
				CLANG_ENABLE_OBJC_ARC = YES;
				CLANG_WARN_BLOCK_CAPTURE_AUTORELEASING = YES;
				CLANG_WARN_BOOL_CONVERSION = YES;
				CLANG_WARN_COMMA = YES;
				CLANG_WARN_CONSTANT_CONVERSION = YES;
				CLANG_WARN_DEPRECATED_OBJC_IMPLEMENTATIONS = YES;
				CLANG_WARN_DIRECT_OBJC_ISA_USAGE = YES_ERROR;
				CLANG_WARN_DOCUMENTATION_COMMENTS = YES;
				CLANG_WARN_EMPTY_BODY = YES;
				CLANG_WARN_ENUM_CONVERSION = YES;
				CLANG_WARN_INFINITE_RECURSION = YES;
				CLANG_WARN_INT_CONVERSION = YES;
				CLANG_WARN_NON_LITERAL_NULL_CONVERSION = YES;
				CLANG_WARN_OBJC_IMPLICIT_RETAIN_SELF = YES;
				CLANG_WARN_OBJC_LITERAL_CONVERSION = YES;
				CLANG_WARN_OBJC_ROOT_CLASS = YES_ERROR;
				CLANG_WARN_QUOTED_INCLUDE_IN_FRAMEWORK_HEADER = YES;
				CLANG_WARN_RANGE_LOOP_ANALYSIS = YES;
				CLANG_WARN_STRICT_PROTOTYPES = YES;
				CLANG_WARN_SUSPICIOUS_MOVE = YES;
				CLANG_WARN_UNGUARDED_AVAILABILITY = YES_AGGRESSIVE;
				CLANG_WARN_UNREACHABLE_CODE = YES;
				CLANG_WARN__DUPLICATE_METHOD_MATCH = YES;
				COPY_PHASE_STRIP = NO;
				DEBUG_INFORMATION_FORMAT = dwarf;
				ENABLE_STRICT_OBJC_MSGSEND = YES;
				ENABLE_TESTABILITY = YES;
				ENABLE_USER_SCRIPT_SANDBOXING = YES;
				GCC_C_LANGUAGE_DIALECT = c99;
				GCC_DYNAMIC_NO_PIC = NO;
				GCC_NO_COMMON_BLOCKS = YES;
				GCC_OPTIMIZATION_LEVEL = 0;
				GCC_PREPROCESSOR_DEFINITIONS = (
					"DEBUG=1",
					"$(inherited)",
				);
				GCC_WARN_64_TO_32_BIT_CONVERSION = YES;
				GCC_WARN_ABOUT_RETURN_TYPE = YES_ERROR;
				GCC_WARN_UNDECLARED_SELECTOR = YES;
				GCC_WARN_UNINITIALIZED_AUTOS = YES_AGGRESSIVE;
				GCC_WARN_UNUSED_FUNCTION = YES;
				GCC_WARN_UNUSED_VARIABLE = YES;
				IPHONEOS_DEPLOYMENT_TARGET = 15.0;
				LOCALIZATION_PREFERS_STRING_CATALOGS = YES;
				MTL_ENABLE_DEBUG_INFO = INCLUDE_SOURCE;
				MTL_FAST_MATH = YES;
				ONLY_ACTIVE_ARCH = YES;
				SDKROOT = iphoneos;
				STRING_CATALOG_GENERATE_SYMBOLS = YES;
				SWIFT_ACTIVE_COMPILATION_CONDITIONS = "DEBUG $(inherited)";
				SWIFT_OPTIMIZATION_LEVEL = "-Onone";
			};
			name = Debug;
		};
		4C1A2B5E2C18A5D500F2E1A1 /* Release */ = {
			isa = XCBuildConfiguration;
			buildSettings = {
				ALWAYS_SEARCH_USER_PATHS = NO;
				ASSETCATALOG_COMPILER_GENERATE_SWIFT_ASSET_SYMBOL_EXTENSIONS = YES;
				CLANG_ANALYZER_NONNULL = YES;
				CLANG_ANALYZER_NUMBER_OBJECT_CONVERSION = YES_AGGRESSIVE;
				CLANG_CXX_LANGUAGE_DIALECT = "c++20";
				CLANG_CXX_LIBRARY = "libc++";
				CLANG_ENABLE_MODULES = YES;
				CLANG_ENABLE_OBJC_ARC = YES;
				CLANG_WARN_BLOCK_CAPTURE_AUTORELEASING = YES;
				CLANG_WARN_BOOL_CONVERSION = YES;
				CLANG_WARN_COMMA = YES;
				CLANG_WARN_CONSTANT_CONVERSION = YES;
				CLANG_WARN_DEPRECATED_OBJC_IMPLEMENTATIONS = YES;
				CLANG_WARN_DIRECT_OBJC_ISA_USAGE = YES_ERROR;
				CLANG_WARN_DOCUMENTATION_COMMENTS = YES;
				CLANG_WARN_EMPTY_BODY = YES;
				CLANG_WARN_ENUM_CONVERSION = YES;
				CLANG_WARN_INFINITE_RECURSION = YES;
				CLANG_WARN_INT_CONVERSION = YES;
				CLANG_WARN_NON_LITERAL_NULL_CONVERSION = YES;
				CLANG_WARN_OBJC_IMPLICIT_RETAIN_SELF = YES;
				CLANG_WARN_OBJC_LITERAL_CONVERSION = YES;
				CLANG_WARN_OBJC_ROOT_CLASS = YES_ERROR;
				CLANG_WARN_QUOTED_INCLUDE_IN_FRAMEWORK_HEADER = YES;
				CLANG_WARN_RANGE_LOOP_ANALYSIS = YES;
				CLANG_WARN_STRICT_PROTOTYPES = YES;
				CLANG_WARN_SUSPICIOUS_MOVE = YES;
				CLANG_WARN_UNGUARDED_AVAILABILITY = YES_AGGRESSIVE;
				CLANG_WARN_UNREACHABLE_CODE = YES;
				CLANG_WARN__DUPLICATE_METHOD_MATCH = YES;
				COPY_PHASE_STRIP = NO;
				DEBUG_INFORMATION_FORMAT = "dwarf-with-dsym";
				ENABLE_NS_ASSERTIONS = NO;
				ENABLE_STRICT_OBJC_MSGSEND = YES;
				ENABLE_USER_SCRIPT_SANDBOXING = YES;
				GCC_C_LANGUAGE_DIALECT = c99;
				GCC_NO_COMMON_BLOCKS = YES;
				GCC_OPTIMIZATION_LEVEL = fast;
				GCC_WARN_64_TO_32_BIT_CONVERSION = YES;
				GCC_WARN_ABOUT_RETURN_TYPE = YES_ERROR;
				GCC_WARN_UNDECLARED_SELECTOR = YES;
				GCC_WARN_UNINITIALIZED_AUTOS = YES_AGGRESSIVE;
				GCC_WARN_UNUSED_FUNCTION = YES;
				GCC_WARN_UNUSED_VARIABLE = YES;
				IPHONEOS_DEPLOYMENT_TARGET = 15.0;
				LOCALIZATION_PREFERS_STRING_CATALOGS = YES;
				MTL_ENABLE_DEBUG_INFO = NO;
				MTL_FAST_MATH = YES;
				SDKROOT = iphoneos;
				STRING_CATALOG_GENERATE_SYMBOLS = YES;
				SWIFT_COMPILATION_MODE = wholemodule;
				VALIDATE_PRODUCT = YES;
			};
			name = Release;
		};
		4C1A2B602C18A5D500F2E1A1 /* Debug */ = {
			isa = XCBuildConfiguration;
			buildSettings = {
				ASSETCATALOG_COMPILER_APPICON_NAME = AppIcon;
				ASSETCATALOG_COMPILER_GLOBAL_ACCENT_COLOR_NAME = AccentColor;
				ASSETCATALOG_COMPILER_INCLUDE_ALL_APPICON_ASSETS = NO;
				CODE_SIGN_STYLE = Automatic;
				CURRENT_PROJECT_VERSION = 1;
				DEVELOPMENT_TEAM = T84N6X8N56;
				ENABLE_PREVIEWS = YES;
				GENERATE_INFOPLIST_FILE = NO;
				INFOPLIST_FILE = SalaryCalc/Info.plist;
				INFOPLIST_KEY_UIApplicationSceneManifest_Generation = YES;
				INFOPLIST_KEY_UIApplicationSupportsIndirectInputEvents = YES;
				INFOPLIST_KEY_UILaunchScreen_Generation = YES;
				INFOPLIST_KEY_UISupportedInterfaceOrientations_iPad = "UIInterfaceOrientationPortrait UIInterfaceOrientationPortraitUpsideDown UIInterfaceOrientationLandscapeLeft UIInterfaceOrientationLandscapeRight";
				INFOPLIST_KEY_UISupportedInterfaceOrientations_iPhone = "UIInterfaceOrientationPortrait UIInterfaceOrientationLandscapeLeft UIInterfaceOrientationLandscapeRight";
				LD_RUNPATH_SEARCH_PATHS = (
					"$(inherited)",
					"@executable_path/Frameworks",
				);
				MARKETING_VERSION = 1.0;
				PRODUCT_BUNDLE_IDENTIFIER = com.brewersasia.salarycalc;
				PRODUCT_NAME = SalaryPro;
				SWIFT_EMIT_LOC_STRINGS = YES;
				SWIFT_VERSION = 5.0;
				TARGETED_DEVICE_FAMILY = "1,2";
			};
			name = Debug;
		};
		4C1A2B612C18A5D500F2E1A1 /* Release */ = {
			isa = XCBuildConfiguration;
			buildSettings = {
				ASSETCATALOG_COMPILER_APPICON_NAME = AppIcon;
				ASSETCATALOG_COMPILER_GLOBAL_ACCENT_COLOR_NAME = AccentColor;
				ASSETCATALOG_COMPILER_INCLUDE_ALL_APPICON_ASSETS = NO;
				CODE_SIGN_STYLE = Automatic;
				CURRENT_PROJECT_VERSION = 1;
				DEVELOPMENT_TEAM = T84N6X8N56;
				ENABLE_PREVIEWS = YES;
				GENERATE_INFOPLIST_FILE = NO;
				INFOPLIST_FILE = SalaryCalc/Info.plist;
				INFOPLIST_KEY_UIApplicationSceneManifest_Generation = YES;
				INFOPLIST_KEY_UIApplicationSupportsIndirectInputEvents = YES;
				INFOPLIST_KEY_UILaunchScreen_Generation = YES;
				INFOPLIST_KEY_UISupportedInterfaceOrientations_iPad = "UIInterfaceOrientationPortrait UIInterfaceOrientationPortraitUpsideDown UIInterfaceOrientationLandscapeLeft UIInterfaceOrientationLandscapeRight";
				INFOPLIST_KEY_UISupportedInterfaceOrientations_iPhone = "UIInterfaceOrientationPortrait UIInterfaceOrientationLandscapeLeft UIInterfaceOrientationLandscapeRight";
				LD_RUNPATH_SEARCH_PATHS = (
					"$(inherited)",
					"@executable_path/Frameworks",
				);
				MARKETING_VERSION = 1.0;
				PRODUCT_BUNDLE_IDENTIFIER = com.brewersasia.salarycalc;
				PRODUCT_NAME = SalaryPro;
				SWIFT_EMIT_LOC_STRINGS = YES;
				SWIFT_VERSION = 5.0;
				TARGETED_DEVICE_FAMILY = "1,2";
			};
			name = Release;
		};
		4C1A2B632C18A5D500F2E1A1 /* Debug */ = {
			isa = XCBuildConfiguration;
			buildSettings = {
				BUNDLE_LOADER = "$(TEST_HOST)";
				CODE_SIGN_STYLE = Automatic;
				CURRENT_PROJECT_VERSION = 1;
				DEVELOPMENT_TEAM = T3KCMB9GM4;
				GENERATE_INFOPLIST_FILE = YES;
				IPHONEOS_DEPLOYMENT_TARGET = 15.0;
				LD_RUNPATH_SEARCH_PATHS = (
					"$(inherited)",
					"@executable_path/Frameworks",
					"@loader_path/Frameworks",
				);
				MARKETING_VERSION = 1.0;
				PRODUCT_BUNDLE_IDENTIFIER = com.brewersasia.salarycalcTests;
				PRODUCT_NAME = "$(TARGET_NAME)";
				SWIFT_EMIT_LOC_STRINGS = NO;
				SWIFT_VERSION = 5.0;
				TARGETED_DEVICE_FAMILY = "1,2";
				TEST_HOST = "$(BUILT_PRODUCTS_DIR)/SalaryCalc.app/$(EXECUTABLE_PATH)";
			};
			name = Debug;
		};
		4C1A2B642C18A5D500F2E1A1 /* Release */ = {
			isa = XCBuildConfiguration;
			buildSettings = {
				BUNDLE_LOADER = "$(TEST_HOST)";
				CODE_SIGN_STYLE = Automatic;
				CURRENT_PROJECT_VERSION = 1;
				DEVELOPMENT_TEAM = T3KCMB9GM4;
				GENERATE_INFOPLIST_FILE = YES;
				IPHONEOS_DEPLOYMENT_TARGET = 15.0;
				LD_RUNPATH_SEARCH_PATHS = (
					"$(inherited)",
					"@executable_path/Frameworks",
					"@loader_path/Frameworks",
				);
				MARKETING_VERSION = 1.0;
				PRODUCT_BUNDLE_IDENTIFIER = com.brewersasia.salarycalcTests;
				PRODUCT_NAME = "$(TARGET_NAME)";
				SWIFT_EMIT_LOC_STRINGS = NO;
				SWIFT_VERSION = 5.0;
				TARGETED_DEVICE_FAMILY = "1,2";
				TEST_HOST = "$(BUILT_PRODUCTS_DIR)/SalaryCalc.app/$(EXECUTABLE_PATH)";
			};
			name = Release;
		};
		4C1A2B652C18A5D500F2E1A1 /* Debug */ = {
			isa = XCBuildConfiguration;
			buildSettings = {
				CODE_SIGN_STYLE = Automatic;
				CURRENT_PROJECT_VERSION = 1;
				DEVELOPMENT_TEAM = T3KCMB9GM4;
				GENERATE_INFOPLIST_FILE = YES;
				IPHONEOS_DEPLOYMENT_TARGET = 15.0;
				LD_RUNPATH_SEARCH_PATHS = (
					"$(inherited)",
					"@executable_path/Frameworks",
					"@loader_path/Frameworks",
				);
				MARKETING_VERSION = 1.0;
				PRODUCT_BUNDLE_IDENTIFIER = com.brewersasia.salarycalcUITests;
				PRODUCT_NAME = "$(TARGET_NAME)";
				SWIFT_EMIT_LOC_STRINGS = NO;
				SWIFT_VERSION = 5.0;
				TARGETED_DEVICE_FAMILY = "1,2";
				TEST_TARGET_NAME = SalaryCalc;
			};
			name = Debug;
		};
		4C1A2B662C18A5D500F2E1A1 /* Release */ = {
			isa = XCBuildConfiguration;
			buildSettings = {
				CODE_SIGN_STYLE = Automatic;
				CURRENT_PROJECT_VERSION = 1;
				DEVELOPMENT_TEAM = T3KCMB9GM4;
				GENERATE_INFOPLIST_FILE = YES;
				IPHONEOS_DEPLOYMENT_TARGET = 15.0;
				LD_RUNPATH_SEARCH_PATHS = (
					"$(inherited)",
					"@executable_path/Frameworks",
					"@loader_path/Frameworks",
				);
				MARKETING_VERSION = 1.0;
				PRODUCT_BUNDLE_IDENTIFIER = com.brewersasia.salarycalcUITests;
				PRODUCT_NAME = "$(TARGET_NAME)";
				SWIFT_EMIT_LOC_STRINGS = NO;
				SWIFT_VERSION = 5.0;
				TARGETED_DEVICE_FAMILY = "1,2";
				TEST_TARGET_NAME = SalaryCalc;
			};
			name = Release;
		};
/* End XCBuildConfiguration section */

/* Begin XCConfigurationList section */
		4C1A2B312C18A5D400F2E1A1 /* Build configuration list for PBXProject "SalaryCalc" */ = {
			isa = XCConfigurationList;
			buildConfigurations = (
				4C1A2B5D2C18A5D500F2E1A1 /* Debug */,
				4C1A2B5E2C18A5D500F2E1A1 /* Release */,
			);
			defaultConfigurationIsVisible = 0;
			defaultConfigurationName = Release;
		};
		4C1A2B5C2C18A5D500F2E1A1 /* Build configuration list for PBXNativeTarget "SalaryCalc" */ = {
			isa = XCConfigurationList;
			buildConfigurations = (
				4C1A2B602C18A5D500F2E1A1 /* Debug */,
				4C1A2B612C18A5D500F2E1A1 /* Release */,
			);
			defaultConfigurationIsVisible = 0;
			defaultConfigurationName = Release;
		};
		4C1A2B5F2C18A5D500F2E1A1 /* Build configuration list for PBXNativeTarget "SalaryCalcTests" */ = {
			isa = XCConfigurationList;
			buildConfigurations = (
				4C1A2B632C18A5D500F2E1A1 /* Debug */,
				4C1A2B642C18A5D500F2E1A1 /* Release */,
			);
			defaultConfigurationIsVisible = 0;
			defaultConfigurationName = Release;
		};
		4C1A2B622C18A5D500F2E1A1 /* Build configuration list for PBXNativeTarget "SalaryCalcUITests" */ = {
			isa = XCConfigurationList;
			buildConfigurations = (
				4C1A2B652C18A5D500F2E1A1 /* Debug */,
				4C1A2B662C18A5D500F2E1A1 /* Release */,
			);
			defaultConfigurationIsVisible = 0;
			defaultConfigurationName = Release;
		};
/* End XCConfigurationList section */
	};
	rootObject = 4C1A2B2E2C18A5D400F2E1A1 /* Project object */;
}
